
Microsoft Visual Studio Solution File, Format Version 12.00
# Visual Studio Version 16
VisualStudioVersion = 16.0.32630.194
MinimumVisualStudioVersion = 10.0.40219.1
Project("{FAE04EC0-301F-11D3-BF4B-00C04F79EFBC}") = "WpfApp1", "WpfApp1\WpfApp1.csproj", "{60CB9044-E294-4F74-ABFC-B1C10F187B36}"
EndProject
Global
	GlobalSection(SolutionConfigurationPlatforms) = preSolution
		Debug|Any CPU = Debug|Any CPU
		Release|Any CPU = Release|Any CPU
	EndGlobalSection
	GlobalSection(ProjectConfigurationPlatforms) = postSolution
		{60CB9044-E294-4F74-ABFC-B1C10F187B36}.Debug|Any CPU.ActiveCfg = Debug|Any CPU
		{60CB9044-E294-4F74-ABFC-B1C10F187B36}.Debug|Any CPU.Build.0 = Debug|Any CPU
		{60CB9044-E294-4F74-ABFC-B1C10F187B36}.Release|Any CPU.ActiveCfg = Release|Any CPU
		{60CB9044-E294-4F74-ABFC-B1C10F187B36}.Release|Any CPU.Build.0 = Release|Any CPU
	EndGlobalSection
	GlobalSection(SolutionProperties) = preSolution
		HideSolutionNode = FALSE
	EndGlobalSection
	GlobalSection(ExtensibilityGlobals) = postSolution
		SolutionGuid = {3FD8529D-D680-4A59-B0E2-DFE5B3AED4E6}
	EndGlobalSection
EndGlobal
